
Microsoft Visual Studio Solution File, Format Version 12.00
# Visual Studio Version 17
VisualStudioVersion = 17.4.33103.184
MinimumVisualStudioVersion = 10.0.40219.1
Project("{FAE04EC0-301F-11D3-BF4B-00C04F79EFBC}") = "DevCard_MVC", "DevCard_MVC\DevCard_MVC.csproj", "{B030EB44-31DA-4BC1-BC25-44A7BF551086}"
EndProject
Global
	GlobalSection(SolutionConfigurationPlatforms) = preSolution
		Debug|Any CPU = Debug|Any CPU
		Release|Any CPU = Release|Any CPU
	EndGlobalSection
	GlobalSection(ProjectConfigurationPlatforms) = postSolution
		{B030EB44-31DA-4BC1-BC25-44A7BF551086}.Debug|Any CPU.ActiveCfg = Debug|Any CPU
		{B030EB44-31DA-4BC1-BC25-44A7BF551086}.Debug|Any CPU.Build.0 = Debug|Any CPU
		{B030EB44-31DA-4BC1-BC25-44A7BF551086}.Release|Any CPU.ActiveCfg = Release|Any CPU
		{B030EB44-31DA-4BC1-BC25-44A7BF551086}.Release|Any CPU.Build.0 = Release|Any CPU
	EndGlobalSection
	GlobalSection(SolutionProperties) = preSolution
		HideSolutionNode = FALSE
	EndGlobalSection
	GlobalSection(ExtensibilityGlobals) = postSolution
		SolutionGuid = {EA9C6978-B8FD-45A9-B4FC-75DD75E38CA3}
	EndGlobalSection
EndGlobal
